
Microsoft Visual Studio Solution File, Format Version 12.00
# Visual Studio 14
VisualStudioVersion = 14.0.22823.1
MinimumVisualStudioVersion = 10.0.40219.1
Project("{FAE04EC0-301F-11D3-BF4B-00C04F79EFBC}") = "VimeoDotNet", "src\VimeoDotNet\VimeoDotNet.csproj", "{90BFBB6A-05E5-4736-99B0-0C276581EF21}"
EndProject
Project("{FAE04EC0-301F-11D3-BF4B-00C04F79EFBC}") = "VimeoDotNet.Tests", "src\VimeoDotNet.Tests\VimeoDotNet.Tests.csproj", "{52A87768-AEB5-4FD5-85EB-3941787816F1}"
EndProject
Project("{2150E333-8FDC-42A3-9474-1A3956D46DE8}") = "Solution Items", "Solution Items", "{73AA1237-F8FC-4333-A445-D8AA79BE30E2}"
ProjectSection(SolutionItems) = preProject
	LICENSE = LICENSE
	README.md = README.md
	VimeoDotNet.nuspec = VimeoDotNet.nuspec
EndProjectSection
EndProject
Global
	GlobalSection(SolutionConfigurationPlatforms) = preSolution
		Debug|Any CPU = Debug|Any CPU
		Release|Any CPU = Release|Any CPU
	EndGlobalSection
	GlobalSection(ProjectConfigurationPlatforms) = postSolution
		{90BFBB6A-05E5-4736-99B0-0C276581EF21}.Debug|Any CPU.ActiveCfg = Debug|Any CPU
		{90BFBB6A-05E5-4736-99B0-0C276581EF21}.Debug|Any CPU.Build.0 = Debug|Any CPU
		{90BFBB6A-05E5-4736-99B0-0C276581EF21}.Release|Any CPU.ActiveCfg = Release|Any CPU
		{90BFBB6A-05E5-4736-99B0-0C276581EF21}.Release|Any CPU.Build.0 = Release|Any CPU
		{52A87768-AEB5-4FD5-85EB-3941787816F1}.Debug|Any CPU.ActiveCfg = Debug|Any CPU
		{52A87768-AEB5-4FD5-85EB-3941787816F1}.Debug|Any CPU.Build.0 = Debug|Any CPU
		{52A87768-AEB5-4FD5-85EB-3941787816F1}.Release|Any CPU.ActiveCfg = Release|Any CPU
		{52A87768-AEB5-4FD5-85EB-3941787816F1}.Release|Any CPU.Build.0 = Release|Any CPU
	EndGlobalSection
	GlobalSection(SolutionProperties) = preSolution
		HideSolutionNode = FALSE
	EndGlobalSection
EndGlobal
